
Microsoft Visual Studio Solution File, Format Version 12.00
# Visual Studio 15
VisualStudioVersion = 15.0.26124.0
MinimumVisualStudioVersion = 15.0.26124.0
Project("{2150E333-8FDC-42A3-9474-1A3956D46DE8}") = "Services", "Services", "{87D407F3-9E5F-4AFC-9945-45836C2F3063}"
EndProject
Project("{2150E333-8FDC-42A3-9474-1A3956D46DE8}") = "Catalogo", "Catalogo", "{450A3017-C3B1-4B95-9B53-9DFC89D4067E}"
EndProject
Project("{2150E333-8FDC-42A3-9474-1A3956D46DE8}") = "Core", "Core", "{DD5E3C83-FAC5-4DDD-8FBB-E73FBC1795C3}"
EndProject
Project("{FAE04EC0-301F-11D3-BF4B-00C04F79EFBC}") = "NerdStore.Catalogo.Domain", "src\NerdStore.Catalogo.Domain\NerdStore.Catalogo.Domain.csproj", "{7020B1A8-F9F7-4E7F-99A7-779568BF55FD}"
EndProject
Project("{FAE04EC0-301F-11D3-BF4B-00C04F79EFBC}") = "NerdStore.Core", "src\NerdStore.Core\NerdStore.Core.csproj", "{5E4F4599-DB13-4238-B48C-6AE4C369A52A}"
EndProject
Project("{2150E333-8FDC-42A3-9474-1A3956D46DE8}") = "Tests", "Tests", "{D8A38E70-4CF0-4CD1-AE40-5DE81CCC882A}"
EndProject
Project("{FAE04EC0-301F-11D3-BF4B-00C04F79EFBC}") = "NerdStore.Catalogo.Domain.Tests", "tests\NerdStore.Catalogo.Domain.Tests\NerdStore.Catalogo.Domain.Tests.csproj", "{6B821CDB-D85E-4930-B769-0D918F0E1D3F}"
EndProject
Project("{FAE04EC0-301F-11D3-BF4B-00C04F79EFBC}") = "NerdStore.Catalogo.Data", "src\NerdStore.Catalogo.Data\NerdStore.Catalogo.Data.csproj", "{739B91FD-264C-410A-A2C0-283495536658}"
EndProject
Project("{FAE04EC0-301F-11D3-BF4B-00C04F79EFBC}") = "NerdStore.Catalogo.Application", "src\NerdStore.Catalogo.Application\NerdStore.Catalogo.Application.csproj", "{1E48528D-C136-41AD-955F-0A17C52B0EB2}"
EndProject
Project("{2150E333-8FDC-42A3-9474-1A3956D46DE8}") = "WebApps", "WebApps", "{885FADE8-071B-4024-9CAD-4573A8ABA401}"
EndProject
Project("{FAE04EC0-301F-11D3-BF4B-00C04F79EFBC}") = "NerdStore.WebApp.MVC", "src\NerdStore.WebApp.MVC\NerdStore.WebApp.MVC.csproj", "{09BD5E53-382F-4C09-B232-807B471408FA}"
EndProject
Project("{2150E333-8FDC-42A3-9474-1A3956D46DE8}") = "Vendas", "Vendas", "{41870CF3-829E-4EC8-8F30-83927B48D034}"
EndProject
Project("{FAE04EC0-301F-11D3-BF4B-00C04F79EFBC}") = "NerdStore.Vendas.Domain", "src\NerdStore.Vendas.Domain\NerdStore.Vendas.Domain.csproj", "{46200247-3744-4DD2-9878-7BB2E794963C}"
EndProject
Project("{FAE04EC0-301F-11D3-BF4B-00C04F79EFBC}") = "NerdStore.Vendas.Application", "src\NerdStore.Vendas.Application\NerdStore.Vendas.Application.csproj", "{043A0BCC-A6AA-4D6B-A65F-235580B1765C}"
EndProject
Project("{FAE04EC0-301F-11D3-BF4B-00C04F79EFBC}") = "NerdStore.Vendas.Data", "src\NerdStore.Vendas.Data\NerdStore.Vendas.Data.csproj", "{DE08E52F-ADEE-486C-B12F-8D8211DBA308}"
EndProject
Project("{2150E333-8FDC-42A3-9474-1A3956D46DE8}") = "Pagamentos", "Pagamentos", "{7138AFD4-A43B-4188-ACC1-5294BDCB1747}"
EndProject
Project("{FAE04EC0-301F-11D3-BF4B-00C04F79EFBC}") = "NerdStore.Pagamentos.Data", "src\NerdStore.Pagamentos.Data\NerdStore.Pagamentos.Data.csproj", "{B5641995-A88D-4C16-893D-E81539FB56CD}"
EndProject
Project("{FAE04EC0-301F-11D3-BF4B-00C04F79EFBC}") = "NerdStore.Pagamentos.Business", "src\NerdStore.Pagamentos.Business\NerdStore.Pagamentos.Business.csproj", "{E9161EF5-FAB8-4CC8-9425-9B504E6C54DA}"
EndProject
Project("{FAE04EC0-301F-11D3-BF4B-00C04F79EFBC}") = "NerdStore.Pagamentos.AntiCorruption", "src\NerdStore.Pagamentos.AntiCorruption\NerdStore.Pagamentos.AntiCorruption.csproj", "{2F0C61DD-93E0-493B-8E21-CC2F02746CA6}"
EndProject
Project("{2150E333-8FDC-42A3-9474-1A3956D46DE8}") = "BuildingBlocks", "BuildingBlocks", "{CA5BA4EF-8CEA-4F80-8428-9613B0C19F79}"
EndProject
Project("{FAE04EC0-301F-11D3-BF4B-00C04F79EFBC}") = "EventSourcing", "src\EventSourcing\EventSourcing.csproj", "{8D3DEBDF-A00D-47D0-A8EC-B03ADEC9882D}"
EndProject
Global
	GlobalSection(SolutionConfigurationPlatforms) = preSolution
		Debug|Any CPU = Debug|Any CPU
		Debug|x64 = Debug|x64
		Debug|x86 = Debug|x86
		Release|Any CPU = Release|Any CPU
		Release|x64 = Release|x64
		Release|x86 = Release|x86
	EndGlobalSection
	GlobalSection(SolutionProperties) = preSolution
		HideSolutionNode = FALSE
	EndGlobalSection
	GlobalSection(NestedProjects) = preSolution
		{450A3017-C3B1-4B95-9B53-9DFC89D4067E} = {87D407F3-9E5F-4AFC-9945-45836C2F3063}
		{DD5E3C83-FAC5-4DDD-8FBB-E73FBC1795C3} = {87D407F3-9E5F-4AFC-9945-45836C2F3063}
		{7020B1A8-F9F7-4E7F-99A7-779568BF55FD} = {450A3017-C3B1-4B95-9B53-9DFC89D4067E}
		{5E4F4599-DB13-4238-B48C-6AE4C369A52A} = {DD5E3C83-FAC5-4DDD-8FBB-E73FBC1795C3}
		{D8A38E70-4CF0-4CD1-AE40-5DE81CCC882A} = {450A3017-C3B1-4B95-9B53-9DFC89D4067E}
		{6B821CDB-D85E-4930-B769-0D918F0E1D3F} = {D8A38E70-4CF0-4CD1-AE40-5DE81CCC882A}
		{739B91FD-264C-410A-A2C0-283495536658} = {450A3017-C3B1-4B95-9B53-9DFC89D4067E}
		{1E48528D-C136-41AD-955F-0A17C52B0EB2} = {450A3017-C3B1-4B95-9B53-9DFC89D4067E}
		{09BD5E53-382F-4C09-B232-807B471408FA} = {885FADE8-071B-4024-9CAD-4573A8ABA401}
		{41870CF3-829E-4EC8-8F30-83927B48D034} = {87D407F3-9E5F-4AFC-9945-45836C2F3063}
		{46200247-3744-4DD2-9878-7BB2E794963C} = {41870CF3-829E-4EC8-8F30-83927B48D034}
		{043A0BCC-A6AA-4D6B-A65F-235580B1765C} = {41870CF3-829E-4EC8-8F30-83927B48D034}
		{DE08E52F-ADEE-486C-B12F-8D8211DBA308} = {41870CF3-829E-4EC8-8F30-83927B48D034}
		{7138AFD4-A43B-4188-ACC1-5294BDCB1747} = {87D407F3-9E5F-4AFC-9945-45836C2F3063}
		{B5641995-A88D-4C16-893D-E81539FB56CD} = {7138AFD4-A43B-4188-ACC1-5294BDCB1747}
		{E9161EF5-FAB8-4CC8-9425-9B504E6C54DA} = {7138AFD4-A43B-4188-ACC1-5294BDCB1747}
		{2F0C61DD-93E0-493B-8E21-CC2F02746CA6} = {7138AFD4-A43B-4188-ACC1-5294BDCB1747}
		{8D3DEBDF-A00D-47D0-A8EC-B03ADEC9882D} = {CA5BA4EF-8CEA-4F80-8428-9613B0C19F79}
	EndGlobalSection
	GlobalSection(ProjectConfigurationPlatforms) = postSolution
		{7020B1A8-F9F7-4E7F-99A7-779568BF55FD}.Debug|Any CPU.ActiveCfg = Debug|Any CPU
		{7020B1A8-F9F7-4E7F-99A7-779568BF55FD}.Debug|Any CPU.Build.0 = Debug|Any CPU
		{7020B1A8-F9F7-4E7F-99A7-779568BF55FD}.Debug|x64.ActiveCfg = Debug|Any CPU
		{7020B1A8-F9F7-4E7F-99A7-779568BF55FD}.Debug|x64.Build.0 = Debug|Any CPU
		{7020B1A8-F9F7-4E7F-99A7-779568BF55FD}.Debug|x86.ActiveCfg = Debug|Any CPU
		{7020B1A8-F9F7-4E7F-99A7-779568BF55FD}.Debug|x86.Build.0 = Debug|Any CPU
		{7020B1A8-F9F7-4E7F-99A7-779568BF55FD}.Release|Any CPU.ActiveCfg = Release|Any CPU
		{7020B1A8-F9F7-4E7F-99A7-779568BF55FD}.Release|Any CPU.Build.0 = Release|Any CPU
		{7020B1A8-F9F7-4E7F-99A7-779568BF55FD}.Release|x64.ActiveCfg = Release|Any CPU
		{7020B1A8-F9F7-4E7F-99A7-779568BF55FD}.Release|x64.Build.0 = Release|Any CPU
		{7020B1A8-F9F7-4E7F-99A7-779568BF55FD}.Release|x86.ActiveCfg = Release|Any CPU
		{7020B1A8-F9F7-4E7F-99A7-779568BF55FD}.Release|x86.Build.0 = Release|Any CPU
		{5E4F4599-DB13-4238-B48C-6AE4C369A52A}.Debug|Any CPU.ActiveCfg = Debug|Any CPU
		{5E4F4599-DB13-4238-B48C-6AE4C369A52A}.Debug|Any CPU.Build.0 = Debug|Any CPU
		{5E4F4599-DB13-4238-B48C-6AE4C369A52A}.Debug|x64.ActiveCfg = Debug|Any CPU
		{5E4F4599-DB13-4238-B48C-6AE4C369A52A}.Debug|x64.Build.0 = Debug|Any CPU
		{5E4F4599-DB13-4238-B48C-6AE4C369A52A}.Debug|x86.ActiveCfg = Debug|Any CPU
		{5E4F4599-DB13-4238-B48C-6AE4C369A52A}.Debug|x86.Build.0 = Debug|Any CPU
		{5E4F4599-DB13-4238-B48C-6AE4C369A52A}.Release|Any CPU.ActiveCfg = Release|Any CPU
		{5E4F4599-DB13-4238-B48C-6AE4C369A52A}.Release|Any CPU.Build.0 = Release|Any CPU
		{5E4F4599-DB13-4238-B48C-6AE4C369A52A}.Release|x64.ActiveCfg = Release|Any CPU
		{5E4F4599-DB13-4238-B48C-6AE4C369A52A}.Release|x64.Build.0 = Release|Any CPU
		{5E4F4599-DB13-4238-B48C-6AE4C369A52A}.Release|x86.ActiveCfg = Release|Any CPU
		{5E4F4599-DB13-4238-B48C-6AE4C369A52A}.Release|x86.Build.0 = Release|Any CPU
		{6B821CDB-D85E-4930-B769-0D918F0E1D3F}.Debug|Any CPU.ActiveCfg = Debug|Any CPU
		{6B821CDB-D85E-4930-B769-0D918F0E1D3F}.Debug|Any CPU.Build.0 = Debug|Any CPU
		{6B821CDB-D85E-4930-B769-0D918F0E1D3F}.Debug|x64.ActiveCfg = Debug|Any CPU
		{6B821CDB-D85E-4930-B769-0D918F0E1D3F}.Debug|x64.Build.0 = Debug|Any CPU
		{6B821CDB-D85E-4930-B769-0D918F0E1D3F}.Debug|x86.ActiveCfg = Debug|Any CPU
		{6B821CDB-D85E-4930-B769-0D918F0E1D3F}.Debug|x86.Build.0 = Debug|Any CPU
		{6B821CDB-D85E-4930-B769-0D918F0E1D3F}.Release|Any CPU.ActiveCfg = Release|Any CPU
		{6B821CDB-D85E-4930-B769-0D918F0E1D3F}.Release|Any CPU.Build.0 = Release|Any CPU
		{6B821CDB-D85E-4930-B769-0D918F0E1D3F}.Release|x64.ActiveCfg = Release|Any CPU
		{6B821CDB-D85E-4930-B769-0D918F0E1D3F}.Release|x64.Build.0 = Release|Any CPU
		{6B821CDB-D85E-4930-B769-0D918F0E1D3F}.Release|x86.ActiveCfg = Release|Any CPU
		{6B821CDB-D85E-4930-B769-0D918F0E1D3F}.Release|x86.Build.0 = Release|Any CPU
		{739B91FD-264C-410A-A2C0-283495536658}.Debug|Any CPU.ActiveCfg = Debug|Any CPU
		{739B91FD-264C-410A-A2C0-283495536658}.Debug|Any CPU.Build.0 = Debug|Any CPU
		{739B91FD-264C-410A-A2C0-283495536658}.Debug|x64.ActiveCfg = Debug|Any CPU
		{739B91FD-264C-410A-A2C0-283495536658}.Debug|x64.Build.0 = Debug|Any CPU
		{739B91FD-264C-410A-A2C0-283495536658}.Debug|x86.ActiveCfg = Debug|Any CPU
		{739B91FD-264C-410A-A2C0-283495536658}.Debug|x86.Build.0 = Debug|Any CPU
		{739B91FD-264C-410A-A2C0-283495536658}.Release|Any CPU.ActiveCfg = Release|Any CPU
		{739B91FD-264C-410A-A2C0-283495536658}.Release|Any CPU.Build.0 = Release|Any CPU
		{739B91FD-264C-410A-A2C0-283495536658}.Release|x64.ActiveCfg = Release|Any CPU
		{739B91FD-264C-410A-A2C0-283495536658}.Release|x64.Build.0 = Release|Any CPU
		{739B91FD-264C-410A-A2C0-283495536658}.Release|x86.ActiveCfg = Release|Any CPU
		{739B91FD-264C-410A-A2C0-283495536658}.Release|x86.Build.0 = Release|Any CPU
		{1E48528D-C136-41AD-955F-0A17C52B0EB2}.Debug|Any CPU.ActiveCfg = Debug|Any CPU
		{1E48528D-C136-41AD-955F-0A17C52B0EB2}.Debug|Any CPU.Build.0 = Debug|Any CPU
		{1E48528D-C136-41AD-955F-0A17C52B0EB2}.Debug|x64.ActiveCfg = Debug|Any CPU
		{1E48528D-C136-41AD-955F-0A17C52B0EB2}.Debug|x64.Build.0 = Debug|Any CPU
		{1E48528D-C136-41AD-955F-0A17C52B0EB2}.Debug|x86.ActiveCfg = Debug|Any CPU
		{1E48528D-C136-41AD-955F-0A17C52B0EB2}.Debug|x86.Build.0 = Debug|Any CPU
		{1E48528D-C136-41AD-955F-0A17C52B0EB2}.Release|Any CPU.ActiveCfg = Release|Any CPU
		{1E48528D-C136-41AD-955F-0A17C52B0EB2}.Release|Any CPU.Build.0 = Release|Any CPU
		{1E48528D-C136-41AD-955F-0A17C52B0EB2}.Release|x64.ActiveCfg = Release|Any CPU
		{1E48528D-C136-41AD-955F-0A17C52B0EB2}.Release|x64.Build.0 = Release|Any CPU
		{1E48528D-C136-41AD-955F-0A17C52B0EB2}.Release|x86.ActiveCfg = Release|Any CPU
		{1E48528D-C136-41AD-955F-0A17C52B0EB2}.Release|x86.Build.0 = Release|Any CPU
		{09BD5E53-382F-4C09-B232-807B471408FA}.Debug|Any CPU.ActiveCfg = Debug|Any CPU
		{09BD5E53-382F-4C09-B232-807B471408FA}.Debug|Any CPU.Build.0 = Debug|Any CPU
		{09BD5E53-382F-4C09-B232-807B471408FA}.Debug|x64.ActiveCfg = Debug|Any CPU
		{09BD5E53-382F-4C09-B232-807B471408FA}.Debug|x64.Build.0 = Debug|Any CPU
		{09BD5E53-382F-4C09-B232-807B471408FA}.Debug|x86.ActiveCfg = Debug|Any CPU
		{09BD5E53-382F-4C09-B232-807B471408FA}.Debug|x86.Build.0 = Debug|Any CPU
		{09BD5E53-382F-4C09-B232-807B471408FA}.Release|Any CPU.ActiveCfg = Release|Any CPU
		{09BD5E53-382F-4C09-B232-807B471408FA}.Release|Any CPU.Build.0 = Release|Any CPU
		{09BD5E53-382F-4C09-B232-807B471408FA}.Release|x64.ActiveCfg = Release|Any CPU
		{09BD5E53-382F-4C09-B232-807B471408FA}.Release|x64.Build.0 = Release|Any CPU
		{09BD5E53-382F-4C09-B232-807B471408FA}.Release|x86.ActiveCfg = Release|Any CPU
		{09BD5E53-382F-4C09-B232-807B471408FA}.Release|x86.Build.0 = Release|Any CPU
		{46200247-3744-4DD2-9878-7BB2E794963C}.Debug|Any CPU.ActiveCfg = Debug|Any CPU
		{46200247-3744-4DD2-9878-7BB2E794963C}.Debug|Any CPU.Build.0 = Debug|Any CPU
		{46200247-3744-4DD2-9878-7BB2E794963C}.Debug|x64.ActiveCfg = Debug|Any CPU
		{46200247-3744-4DD2-9878-7BB2E794963C}.Debug|x64.Build.0 = Debug|Any CPU
		{46200247-3744-4DD2-9878-7BB2E794963C}.Debug|x86.ActiveCfg = Debug|Any CPU
		{46200247-3744-4DD2-9878-7BB2E794963C}.Debug|x86.Build.0 = Debug|Any CPU
		{46200247-3744-4DD2-9878-7BB2E794963C}.Release|Any CPU.ActiveCfg = Release|Any CPU
		{46200247-3744-4DD2-9878-7BB2E794963C}.Release|Any CPU.Build.0 = Release|Any CPU
		{46200247-3744-4DD2-9878-7BB2E794963C}.Release|x64.ActiveCfg = Release|Any CPU
		{46200247-3744-4DD2-9878-7BB2E794963C}.Release|x64.Build.0 = Release|Any CPU
		{46200247-3744-4DD2-9878-7BB2E794963C}.Release|x86.ActiveCfg = Release|Any CPU
		{46200247-3744-4DD2-9878-7BB2E794963C}.Release|x86.Build.0 = Release|Any CPU
		{043A0BCC-A6AA-4D6B-A65F-235580B1765C}.Debug|Any CPU.ActiveCfg = Debug|Any CPU
		{043A0BCC-A6AA-4D6B-A65F-235580B1765C}.Debug|Any CPU.Build.0 = Debug|Any CPU
		{043A0BCC-A6AA-4D6B-A65F-235580B1765C}.Debug|x64.ActiveCfg = Debug|Any CPU
		{043A0BCC-A6AA-4D6B-A65F-235580B1765C}.Debug|x64.Build.0 = Debug|Any CPU
		{043A0BCC-A6AA-4D6B-A65F-235580B1765C}.Debug|x86.ActiveCfg = Debug|Any CPU
		{043A0BCC-A6AA-4D6B-A65F-235580B1765C}.Debug|x86.Build.0 = Debug|Any CPU
		{043A0BCC-A6AA-4D6B-A65F-235580B1765C}.Release|Any CPU.ActiveCfg = Release|Any CPU
		{043A0BCC-A6AA-4D6B-A65F-235580B1765C}.Release|Any CPU.Build.0 = Release|Any CPU
		{043A0BCC-A6AA-4D6B-A65F-235580B1765C}.Release|x64.ActiveCfg = Release|Any CPU
		{043A0BCC-A6AA-4D6B-A65F-235580B1765C}.Release|x64.Build.0 = Release|Any CPU
		{043A0BCC-A6AA-4D6B-A65F-235580B1765C}.Release|x86.ActiveCfg = Release|Any CPU
		{043A0BCC-A6AA-4D6B-A65F-235580B1765C}.Release|x86.Build.0 = Release|Any CPU
		{DE08E52F-ADEE-486C-B12F-8D8211DBA308}.Debug|Any CPU.ActiveCfg = Debug|Any CPU
		{DE08E52F-ADEE-486C-B12F-8D8211DBA308}.Debug|Any CPU.Build.0 = Debug|Any CPU
		{DE08E52F-ADEE-486C-B12F-8D8211DBA308}.Debug|x64.ActiveCfg = Debug|Any CPU
		{DE08E52F-ADEE-486C-B12F-8D8211DBA308}.Debug|x64.Build.0 = Debug|Any CPU
		{DE08E52F-ADEE-486C-B12F-8D8211DBA308}.Debug|x86.ActiveCfg = Debug|Any CPU
		{DE08E52F-ADEE-486C-B12F-8D8211DBA308}.Debug|x86.Build.0 = Debug|Any CPU
		{DE08E52F-ADEE-486C-B12F-8D8211DBA308}.Release|Any CPU.ActiveCfg = Release|Any CPU
		{DE08E52F-ADEE-486C-B12F-8D8211DBA308}.Release|Any CPU.Build.0 = Release|Any CPU
		{DE08E52F-ADEE-486C-B12F-8D8211DBA308}.Release|x64.ActiveCfg = Release|Any CPU
		{DE08E52F-ADEE-486C-B12F-8D8211DBA308}.Release|x64.Build.0 = Release|Any CPU
		{DE08E52F-ADEE-486C-B12F-8D8211DBA308}.Release|x86.ActiveCfg = Release|Any CPU
		{DE08E52F-ADEE-486C-B12F-8D8211DBA308}.Release|x86.Build.0 = Release|Any CPU
		{B5641995-A88D-4C16-893D-E81539FB56CD}.Debug|Any CPU.ActiveCfg = Debug|Any CPU
		{B5641995-A88D-4C16-893D-E81539FB56CD}.Debug|Any CPU.Build.0 = Debug|Any CPU
		{B5641995-A88D-4C16-893D-E81539FB56CD}.Debug|x64.ActiveCfg = Debug|Any CPU
		{B5641995-A88D-4C16-893D-E81539FB56CD}.Debug|x64.Build.0 = Debug|Any CPU
		{B5641995-A88D-4C16-893D-E81539FB56CD}.Debug|x86.ActiveCfg = Debug|Any CPU
		{B5641995-A88D-4C16-893D-E81539FB56CD}.Debug|x86.Build.0 = Debug|Any CPU
		{B5641995-A88D-4C16-893D-E81539FB56CD}.Release|Any CPU.ActiveCfg = Release|Any CPU
		{B5641995-A88D-4C16-893D-E81539FB56CD}.Release|Any CPU.Build.0 = Release|Any CPU
		{B5641995-A88D-4C16-893D-E81539FB56CD}.Release|x64.ActiveCfg = Release|Any CPU
		{B5641995-A88D-4C16-893D-E81539FB56CD}.Release|x64.Build.0 = Release|Any CPU
		{B5641995-A88D-4C16-893D-E81539FB56CD}.Release|x86.ActiveCfg = Release|Any CPU
		{B5641995-A88D-4C16-893D-E81539FB56CD}.Release|x86.Build.0 = Release|Any CPU
		{E9161EF5-FAB8-4CC8-9425-9B504E6C54DA}.Debug|Any CPU.ActiveCfg = Debug|Any CPU
		{E9161EF5-FAB8-4CC8-9425-9B504E6C54DA}.Debug|Any CPU.Build.0 = Debug|Any CPU
		{E9161EF5-FAB8-4CC8-9425-9B504E6C54DA}.Debug|x64.ActiveCfg = Debug|Any CPU
		{E9161EF5-FAB8-4CC8-9425-9B504E6C54DA}.Debug|x64.Build.0 = Debug|Any CPU
		{E9161EF5-FAB8-4CC8-9425-9B504E6C54DA}.Debug|x86.ActiveCfg = Debug|Any CPU
		{E9161EF5-FAB8-4CC8-9425-9B504E6C54DA}.Debug|x86.Build.0 = Debug|Any CPU
		{E9161EF5-FAB8-4CC8-9425-9B504E6C54DA}.Release|Any CPU.ActiveCfg = Release|Any CPU
		{E9161EF5-FAB8-4CC8-9425-9B504E6C54DA}.Release|Any CPU.Build.0 = Release|Any CPU
		{E9161EF5-FAB8-4CC8-9425-9B504E6C54DA}.Release|x64.ActiveCfg = Release|Any CPU
		{E9161EF5-FAB8-4CC8-9425-9B504E6C54DA}.Release|x64.Build.0 = Release|Any CPU
		{E9161EF5-FAB8-4CC8-9425-9B504E6C54DA}.Release|x86.ActiveCfg = Release|Any CPU
		{E9161EF5-FAB8-4CC8-9425-9B504E6C54DA}.Release|x86.Build.0 = Release|Any CPU
		{2F0C61DD-93E0-493B-8E21-CC2F02746CA6}.Debug|Any CPU.ActiveCfg = Debug|Any CPU
		{2F0C61DD-93E0-493B-8E21-CC2F02746CA6}.Debug|Any CPU.Build.0 = Debug|Any CPU
		{2F0C61DD-93E0-493B-8E21-CC2F02746CA6}.Debug|x64.ActiveCfg = Debug|Any CPU
		{2F0C61DD-93E0-493B-8E21-CC2F02746CA6}.Debug|x64.Build.0 = Debug|Any CPU
		{2F0C61DD-93E0-493B-8E21-CC2F02746CA6}.Debug|x86.ActiveCfg = Debug|Any CPU
		{2F0C61DD-93E0-493B-8E21-CC2F02746CA6}.Debug|x86.Build.0 = Debug|Any CPU
		{2F0C61DD-93E0-493B-8E21-CC2F02746CA6}.Release|Any CPU.ActiveCfg = Release|Any CPU
		{2F0C61DD-93E0-493B-8E21-CC2F02746CA6}.Release|Any CPU.Build.0 = Release|Any CPU
		{2F0C61DD-93E0-493B-8E21-CC2F02746CA6}.Release|x64.ActiveCfg = Release|Any CPU
		{2F0C61DD-93E0-493B-8E21-CC2F02746CA6}.Release|x64.Build.0 = Release|Any CPU
		{2F0C61DD-93E0-493B-8E21-CC2F02746CA6}.Release|x86.ActiveCfg = Release|Any CPU
		{2F0C61DD-93E0-493B-8E21-CC2F02746CA6}.Release|x86.Build.0 = Release|Any CPU
		{8D3DEBDF-A00D-47D0-A8EC-B03ADEC9882D}.Debug|Any CPU.ActiveCfg = Debug|Any CPU
		{8D3DEBDF-A00D-47D0-A8EC-B03ADEC9882D}.Debug|Any CPU.Build.0 = Debug|Any CPU
		{8D3DEBDF-A00D-47D0-A8EC-B03ADEC9882D}.Debug|x64.ActiveCfg = Debug|Any CPU
		{8D3DEBDF-A00D-47D0-A8EC-B03ADEC9882D}.Debug|x64.Build.0 = Debug|Any CPU
		{8D3DEBDF-A00D-47D0-A8EC-B03ADEC9882D}.Debug|x86.ActiveCfg = Debug|Any CPU
		{8D3DEBDF-A00D-47D0-A8EC-B03ADEC9882D}.Debug|x86.Build.0 = Debug|Any CPU
		{8D3DEBDF-A00D-47D0-A8EC-B03ADEC9882D}.Release|Any CPU.ActiveCfg = Release|Any CPU
		{8D3DEBDF-A00D-47D0-A8EC-B03ADEC9882D}.Release|Any CPU.Build.0 = Release|Any CPU
		{8D3DEBDF-A00D-47D0-A8EC-B03ADEC9882D}.Release|x64.ActiveCfg = Release|Any CPU
		{8D3DEBDF-A00D-47D0-A8EC-B03ADEC9882D}.Release|x64.Build.0 = Release|Any CPU
		{8D3DEBDF-A00D-47D0-A8EC-B03ADEC9882D}.Release|x86.ActiveCfg = Release|Any CPU
		{8D3DEBDF-A00D-47D0-A8EC-B03ADEC9882D}.Release|x86.Build.0 = Release|Any CPU
	EndGlobalSection
EndGlobal
