
Microsoft Visual Studio Solution File, Format Version 12.00
# Visual Studio 15
VisualStudioVersion = 15.0.26124.0
MinimumVisualStudioVersion = 15.0.26124.0
Project("{2150E333-8FDC-42A3-9474-1A3956D46DE8}") = "Services", "Services", "{87D407F3-9E5F-4AFC-9945-45836C2F3063}"
EndProject
Project("{2150E333-8FDC-42A3-9474-1A3956D46DE8}") = "Catalogo", "Catalogo", "{450A3017-C3B1-4B95-9B53-9DFC89D4067E}"
EndProject
Project("{2150E333-8FDC-42A3-9474-1A3956D46DE8}") = "Core", "Core", "{DD5E3C83-FAC5-4DDD-8FBB-E73FBC1795C3}"
EndProject
Project("{FAE04EC0-301F-11D3-BF4B-00C04F79EFBC}") = "NerdStore.Catalogo.Domain", "src\NerdStore.Catalogo.Domain\NerdStore.Catalogo.Domain.csproj", "{7020B1A8-F9F7-4E7F-99A7-779568BF55FD}"
EndProject
Project("{FAE04EC0-301F-11D3-BF4B-00C04F79EFBC}") = "NerdStore.Core", "src\NerdStore.Core\NerdStore.Core.csproj", "{5E4F4599-DB13-4238-B48C-6AE4C369A52A}"
EndProject
Global
	GlobalSection(SolutionConfigurationPlatforms) = preSolution
		Debug|Any CPU = Debug|Any CPU
		Debug|x64 = Debug|x64
		Debug|x86 = Debug|x86
		Release|Any CPU = Release|Any CPU
		Release|x64 = Release|x64
		Release|x86 = Release|x86
	EndGlobalSection
	GlobalSection(SolutionProperties) = preSolution
		HideSolutionNode = FALSE
	EndGlobalSection
	GlobalSection(NestedProjects) = preSolution
		{450A3017-C3B1-4B95-9B53-9DFC89D4067E} = {87D407F3-9E5F-4AFC-9945-45836C2F3063}
		{DD5E3C83-FAC5-4DDD-8FBB-E73FBC1795C3} = {87D407F3-9E5F-4AFC-9945-45836C2F3063}
		{7020B1A8-F9F7-4E7F-99A7-779568BF55FD} = {450A3017-C3B1-4B95-9B53-9DFC89D4067E}
		{5E4F4599-DB13-4238-B48C-6AE4C369A52A} = {DD5E3C83-FAC5-4DDD-8FBB-E73FBC1795C3}
	EndGlobalSection
	GlobalSection(ProjectConfigurationPlatforms) = postSolution
		{7020B1A8-F9F7-4E7F-99A7-779568BF55FD}.Debug|Any CPU.ActiveCfg = Debug|Any CPU
		{7020B1A8-F9F7-4E7F-99A7-779568BF55FD}.Debug|Any CPU.Build.0 = Debug|Any CPU
		{7020B1A8-F9F7-4E7F-99A7-779568BF55FD}.Debug|x64.ActiveCfg = Debug|Any CPU
		{7020B1A8-F9F7-4E7F-99A7-779568BF55FD}.Debug|x64.Build.0 = Debug|Any CPU
		{7020B1A8-F9F7-4E7F-99A7-779568BF55FD}.Debug|x86.ActiveCfg = Debug|Any CPU
		{7020B1A8-F9F7-4E7F-99A7-779568BF55FD}.Debug|x86.Build.0 = Debug|Any CPU
		{7020B1A8-F9F7-4E7F-99A7-779568BF55FD}.Release|Any CPU.ActiveCfg = Release|Any CPU
		{7020B1A8-F9F7-4E7F-99A7-779568BF55FD}.Release|Any CPU.Build.0 = Release|Any CPU
		{7020B1A8-F9F7-4E7F-99A7-779568BF55FD}.Release|x64.ActiveCfg = Release|Any CPU
		{7020B1A8-F9F7-4E7F-99A7-779568BF55FD}.Release|x64.Build.0 = Release|Any CPU
		{7020B1A8-F9F7-4E7F-99A7-779568BF55FD}.Release|x86.ActiveCfg = Release|Any CPU
		{7020B1A8-F9F7-4E7F-99A7-779568BF55FD}.Release|x86.Build.0 = Release|Any CPU
		{5E4F4599-DB13-4238-B48C-6AE4C369A52A}.Debug|Any CPU.ActiveCfg = Debug|Any CPU
		{5E4F4599-DB13-4238-B48C-6AE4C369A52A}.Debug|Any CPU.Build.0 = Debug|Any CPU
		{5E4F4599-DB13-4238-B48C-6AE4C369A52A}.Debug|x64.ActiveCfg = Debug|Any CPU
		{5E4F4599-DB13-4238-B48C-6AE4C369A52A}.Debug|x64.Build.0 = Debug|Any CPU
		{5E4F4599-DB13-4238-B48C-6AE4C369A52A}.Debug|x86.ActiveCfg = Debug|Any CPU
		{5E4F4599-DB13-4238-B48C-6AE4C369A52A}.Debug|x86.Build.0 = Debug|Any CPU
		{5E4F4599-DB13-4238-B48C-6AE4C369A52A}.Release|Any CPU.ActiveCfg = Release|Any CPU
		{5E4F4599-DB13-4238-B48C-6AE4C369A52A}.Release|Any CPU.Build.0 = Release|Any CPU
		{5E4F4599-DB13-4238-B48C-6AE4C369A52A}.Release|x64.ActiveCfg = Release|Any CPU
		{5E4F4599-DB13-4238-B48C-6AE4C369A52A}.Release|x64.Build.0 = Release|Any CPU
		{5E4F4599-DB13-4238-B48C-6AE4C369A52A}.Release|x86.ActiveCfg = Release|Any CPU
		{5E4F4599-DB13-4238-B48C-6AE4C369A52A}.Release|x86.Build.0 = Release|Any CPU
	EndGlobalSection
EndGlobal
